{
  "version": 4,
  "terraform_version": "1.12.2",
  "serial": 4,
  "lineage": "35a2300c-df9e-c876-5f7a-310f4f007b0f",
  "outputs": {},
  "resources": [
    {
      "mode": "managed",
      "type": "null_resource",
      "name": "provision_master",
      "provider": "provider[\"registry.terraform.io/hashicorp/null\"]",
      "instances": [
        {
          "schema_version": 0,
          "attributes": {
            "id": "1686406355287773208",
            "triggers": null
          },
          "sensitive_attributes": [],
          "identity_schema_version": 0,
          "dependencies": [
            "vagrant_vm.k8s_vms"
          ]
        }
      ]
    },
    {
      "mode": "managed",
      "type": "null_resource",
      "name": "provision_worker1",
      "provider": "provider[\"registry.terraform.io/hashicorp/null\"]",
      "instances": [
        {
          "schema_version": 0,
          "attributes": {
            "id": "9009906464083034965",
            "triggers": null
          },
          "sensitive_attributes": [],
          "identity_schema_version": 0,
          "dependencies": [
            "vagrant_vm.k8s_vms"
          ]
        }
      ]
    },
    {
      "mode": "managed",
      "type": "vagrant_vm",
      "name": "k8s_vms",
      "provider": "provider[\"registry.terraform.io/bmatcuk/vagrant\"]",
      "instances": [
        {
          "schema_version": 1,
          "attributes": {
            "env": null,
            "get_ports": true,
            "id": "vagrant:k8s-master:k8s-worker1",
            "machine_names": [
              "k8s-master",
              "k8s-worker1"
            ],
            "name": "vagrantbox",
            "ports": [
              [
                {
                  "guest": 22,
                  "host": 2201
                }
              ],
              [
                {
                  "guest": 22,
                  "host": 2202
                }
              ]
            ],
            "ssh_config": [
              {
                "agent": "false",
                "host": "127.0.0.1",
                "port": "2201",
                "private_key": "-----BEGIN OPENSSH PRIVATE KEY-----\nb3BlbnNzaC1rZXktdjEAAAAABG5vbmUAAAAEbm9uZQAAAAAAAAABAAAAMwAA\nAAtzc2gtZWQyNTUxOQAAACC3EjBJpFoCtGNmqfxgYvC/D8WF35nUYgUM2aDo\nz/wBngAAAJDltyYW5bcmFgAAAAtzc2gtZWQyNTUxOQAAACC3EjBJpFoCtGNm\nqfxgYvC/D8WF35nUYgUM2aDoz/wBngAAAEBOAdTcjJqpgJnlKf+OteBOcl8L\ncT9jKnDJdf/TrOQ7i7cSMEmkWgK0Y2ap/GBi8L8PxYXfmdRiBQzZoOjP/AGe\nAAAAB3ZhZ3JhbnQBAgMEBQY=\n-----END OPENSSH PRIVATE KEY-----\n",
                "type": "ssh",
                "user": "vagrant"
              },
              {
                "agent": "false",
                "host": "127.0.0.1",
                "port": "2202",
                "private_key": "-----BEGIN OPENSSH PRIVATE KEY-----\nb3BlbnNzaC1rZXktdjEAAAAABG5vbmUAAAAEbm9uZQAAAAAAAAABAAAAMwAA\nAAtzc2gtZWQyNTUxOQAAACB65vAbQNTUAH+OGLNCzzUnU1idU8G+NhXodbAN\n0l/GoAAAAJDKwE+AysBPgAAAAAtzc2gtZWQyNTUxOQAAACB65vAbQNTUAH+O\nGLNCzzUnU1idU8G+NhXodbAN0l/GoAAAAECUkubW2Dty+7Byn/p4lbbprlys\nmNmHxiMAt6b/68OkoHrm8BtA1NQAf44Ys0LPNSdTWJ1Twb42Feh1sA3SX8ag\nAAAAB3ZhZ3JhbnQBAgMEBQY=\n-----END OPENSSH PRIVATE KEY-----\n",
                "type": "ssh",
                "user": "vagrant"
              }
            ],
            "vagrantfile_dir": "."
          },
          "sensitive_attributes": [],
          "identity_schema_version": 0,
          "private": "eyJzY2hlbWFfdmVyc2lvbiI6IjEifQ=="
        }
      ]
    }
  ],
  "check_results": null
}
